
Microsoft Visual Studio Solution File, Format Version 12.00
# Visual Studio Version 17
VisualStudioVersion = 17.8.34309.116
MinimumVisualStudioVersion = 10.0.40219.1
Project("{9A19103F-16F7-4668-BE54-9A1E7A4F7556}") = "SingSiamOffice", "SingSiamOffice\SingSiamOffice.csproj", "{8A28FF37-0C2E-42FE-99A2-C3C32FA41685}"
EndProject
Global
	GlobalSection(SolutionConfigurationPlatforms) = preSolution
		Debug|Any CPU = Debug|Any CPU
		Release|Any CPU = Release|Any CPU
	EndGlobalSection
	GlobalSection(ProjectConfigurationPlatforms) = postSolution
		{8A28FF37-0C2E-42FE-99A2-C3C32FA41685}.Debug|Any CPU.ActiveCfg = Debug|Any CPU
		{8A28FF37-0C2E-42FE-99A2-C3C32FA41685}.Debug|Any CPU.Build.0 = Debug|Any CPU
		{8A28FF37-0C2E-42FE-99A2-C3C32FA41685}.Release|Any CPU.ActiveCfg = Release|Any CPU
		{8A28FF37-0C2E-42FE-99A2-C3C32FA41685}.Release|Any CPU.Build.0 = Release|Any CPU
	EndGlobalSection
	GlobalSection(SolutionProperties) = preSolution
		HideSolutionNode = FALSE
	EndGlobalSection
	GlobalSection(ExtensibilityGlobals) = postSolution
		SolutionGuid = {1C519E41-9E3B-4BAD-92F8-BA1F42461511}
	EndGlobalSection
EndGlobal
